// !$*UTF8*$!
{
	archiveVersion = 1;
	classes = {
	};
	objectVersion = 56;
	objects = {

/* Begin PBXBuildFile section */
		F439539F2AFA8DCE0058B811 /* AppDelegate.swift in Sources */ = {isa = PBXBuildFile; fileRef = F439539E2AFA8DCE0058B811 /* AppDelegate.swift */; };
		F43953A12AFA8DCE0058B811 /* SceneDelegate.swift in Sources */ = {isa = PBXBuildFile; fileRef = F43953A02AFA8DCE0058B811 /* SceneDelegate.swift */; };
		F43953A32AFA8DCE0058B811 /* ViewController.swift in Sources */ = {isa = PBXBuildFile; fileRef = F43953A22AFA8DCE0058B811 /* ViewController.swift */; };
		F43953A62AFA8DCE0058B811 /* Main.storyboard in Resources */ = {isa = PBXBuildFile; fileRef = F43953A42AFA8DCE0058B811 /* Main.storyboard */; };
		F43953A82AFA8DCF0058B811 /* Assets.xcassets in Resources */ = {isa = PBXBuildFile; fileRef = F43953A72AFA8DCF0058B811 /* Assets.xcassets */; };
		F43953AB2AFA8DCF0058B811 /* LaunchScreen.storyboard in Resources */ = {isa = PBXBuildFile; fileRef = F43953A92AFA8DCF0058B811 /* LaunchScreen.storyboard */; };
		F43953B72AFA92E50058B811 /* UserPreferences.swift in Sources */ = {isa = PBXBuildFile; fileRef = F43953B62AFA92E50058B811 /* UserPreferences.swift */; };
/* End PBXBuildFile section */

/* Begin PBXFileReference section */
		F439539B2AFA8DCE0058B811 /* Singleton-Pattern.app */ = {isa = PBXFileReference; explicitFileType = wrapper.application; includeInIndex = 0; path = "Singleton-Pattern.app"; sourceTree = BUILT_PRODUCTS_DIR; };
		F439539E2AFA8DCE0058B811 /* AppDelegate.swift */ = {isa = PBXFileReference; lastKnownFileType = sourcecode.swift; path = AppDelegate.swift; sourceTree = "<group>"; };
		F43953A02AFA8DCE0058B811 /* SceneDelegate.swift */ = {isa = PBXFileReference; lastKnownFileType = sourcecode.swift; path = SceneDelegate.swift; sourceTree = "<group>"; };
		F43953A22AFA8DCE0058B811 /* ViewController.swift */ = {isa = PBXFileReference; lastKnownFileType = sourcecode.swift; path = ViewController.swift; sourceTree = "<group>"; };
		F43953A52AFA8DCE0058B811 /* Base */ = {isa = PBXFileReference; lastKnownFileType = file.storyboard; name = Base; path = Base.lproj/Main.storyboard; sourceTree = "<group>"; };
		F43953A72AFA8DCF0058B811 /* Assets.xcassets */ = {isa = PBXFileReference; lastKnownFileType = folder.assetcatalog; path = Assets.xcassets; sourceTree = "<group>"; };
		F43953AA2AFA8DCF0058B811 /* Base */ = {isa = PBXFileReference; lastKnownFileType = file.storyboard; name = Base; path = Base.lproj/LaunchScreen.storyboard; sourceTree = "<group>"; };
		F43953AC2AFA8DCF0058B811 /* Info.plist */ = {isa = PBXFileReference; lastKnownFileType = text.plist.xml; path = Info.plist; sourceTree = "<group>"; };
		F43953B62AFA92E50058B811 /* UserPreferences.swift */ = {isa = PBXFileReference; lastKnownFileType = sourcecode.swift; path = UserPreferences.swift; sourceTree = "<group>"; };
/* End PBXFileReference section */

/* Begin PBXFrameworksBuildPhase section */
		F43953982AFA8DCE0058B811 /* Frameworks */ = {
			isa = PBXFrameworksBuildPhase;
			buildActionMask = 2147483647;
			files = (
			);
			runOnlyForDeploymentPostprocessing = 0;
		};
/* End PBXFrameworksBuildPhase section */

/* Begin PBXGroup section */
		F43953922AFA8DCE0058B811 = {
			isa = PBXGroup;
			children = (
				F439539D2AFA8DCE0058B811 /* Singleton-Pattern */,
				F439539C2AFA8DCE0058B811 /* Products */,
			);
			sourceTree = "<group>";
		};
		F439539C2AFA8DCE0058B811 /* Products */ = {
			isa = PBXGroup;
			children = (
				F439539B2AFA8DCE0058B811 /* Singleton-Pattern.app */,
			);
			name = Products;
			sourceTree = "<group>";
		};
		F439539D2AFA8DCE0058B811 /* Singleton-Pattern */ = {
			isa = PBXGroup;
			children = (
				F43953B22AFA8DF40058B811 /* App */,
				F43953B42AFA8E0B0058B811 /* Controller */,
				F43953B52AFA92C90058B811 /* Singleton */,
				F43953B32AFA8E010058B811 /* Resources */,
			);
			path = "Singleton-Pattern";
			sourceTree = "<group>";
		};
		F43953B22AFA8DF40058B811 /* App */ = {
			isa = PBXGroup;
			children = (
				F439539E2AFA8DCE0058B811 /* AppDelegate.swift */,
				F43953A02AFA8DCE0058B811 /* SceneDelegate.swift */,
			);
			path = App;
			sourceTree = "<group>";
		};
		F43953B32AFA8E010058B811 /* Resources */ = {
			isa = PBXGroup;
			children = (
				F43953A42AFA8DCE0058B811 /* Main.storyboard */,
				F43953A72AFA8DCF0058B811 /* Assets.xcassets */,
				F43953A92AFA8DCF0058B811 /* LaunchScreen.storyboard */,
				F43953AC2AFA8DCF0058B811 /* Info.plist */,
			);
			path = Resources;
			sourceTree = "<group>";
		};
		F43953B42AFA8E0B0058B811 /* Controller */ = {
			isa = PBXGroup;
			children = (
				F43953A22AFA8DCE0058B811 /* ViewController.swift */,
			);
			path = Controller;
			sourceTree = "<group>";
		};
		F43953B52AFA92C90058B811 /* Singleton */ = {
			isa = PBXGroup;
			children = (
				F43953B62AFA92E50058B811 /* UserPreferences.swift */,
			);
			path = Singleton;
			sourceTree = "<group>";
		};
/* End PBXGroup section */

/* Begin PBXNativeTarget section */
		F439539A2AFA8DCE0058B811 /* Singleton-Pattern */ = {
			isa = PBXNativeTarget;
			buildConfigurationList = F43953AF2AFA8DCF0058B811 /* Build configuration list for PBXNativeTarget "Singleton-Pattern" */;
			buildPhases = (
				F43953972AFA8DCE0058B811 /* Sources */,
				F43953982AFA8DCE0058B811 /* Frameworks */,
				F43953992AFA8DCE0058B811 /* Resources */,
			);
			buildRules = (
			);
			dependencies = (
			);
			name = "Singleton-Pattern";
			productName = "Singleton-Pattern";
			productReference = F439539B2AFA8DCE0058B811 /* Singleton-Pattern.app */;
			productType = "com.apple.product-type.application";
		};
/* End PBXNativeTarget section */

/* Begin PBXProject section */
		F43953932AFA8DCE0058B811 /* Project object */ = {
			isa = PBXProject;
			attributes = {
				BuildIndependentTargetsInParallel = 1;
				LastSwiftUpdateCheck = 1500;
				LastUpgradeCheck = 1500;
				TargetAttributes = {
					F439539A2AFA8DCE0058B811 = {
						CreatedOnToolsVersion = 15.0.1;
					};
				};
			};
			buildConfigurationList = F43953962AFA8DCE0058B811 /* Build configuration list for PBXProject "Singleton-Pattern" */;
			compatibilityVersion = "Xcode 14.0";
			developmentRegion = en;
			hasScannedForEncodings = 0;
			knownRegions = (
				en,
				Base,
			);
			mainGroup = F43953922AFA8DCE0058B811;
			productRefGroup = F439539C2AFA8DCE0058B811 /* Products */;
			projectDirPath = "";
			projectRoot = "";
			targets = (
				F439539A2AFA8DCE0058B811 /* Singleton-Pattern */,
			);
		};
/* End PBXProject section */

/* Begin PBXResourcesBuildPhase section */
		F43953992AFA8DCE0058B811 /* Resources */ = {
			isa = PBXResourcesBuildPhase;
			buildActionMask = 2147483647;
			files = (
				F43953AB2AFA8DCF0058B811 /* LaunchScreen.storyboard in Resources */,
				F43953A82AFA8DCF0058B811 /* Assets.xcassets in Resources */,
				F43953A62AFA8DCE0058B811 /* Main.storyboard in Resources */,
			);
			runOnlyForDeploymentPostprocessing = 0;
		};
/* End PBXResourcesBuildPhase section */

/* Begin PBXSourcesBuildPhase section */
		F43953972AFA8DCE0058B811 /* Sources */ = {
			isa = PBXSourcesBuildPhase;
			buildActionMask = 2147483647;
			files = (
				F43953A32AFA8DCE0058B811 /* ViewController.swift in Sources */,
				F439539F2AFA8DCE0058B811 /* AppDelegate.swift in Sources */,
				F43953B72AFA92E50058B811 /* UserPreferences.swift in Sources */,
				F43953A12AFA8DCE0058B811 /* SceneDelegate.swift in Sources */,
			);
			runOnlyForDeploymentPostprocessing = 0;
		};
/* End PBXSourcesBuildPhase section */

/* Begin PBXVariantGroup section */
		F43953A42AFA8DCE0058B811 /* Main.storyboard */ = {
			isa = PBXVariantGroup;
			children = (
				F43953A52AFA8DCE0058B811 /* Base */,
			);
			name = Main.storyboard;
			sourceTree = "<group>";
		};
		F43953A92AFA8DCF0058B811 /* LaunchScreen.storyboard */ = {
			isa = PBXVariantGroup;
			children = (
				F43953AA2AFA8DCF0058B811 /* Base */,
			);
			name = LaunchScreen.storyboard;
			sourceTree = "<group>";
		};
/* End PBXVariantGroup section */

/* Begin XCBuildConfiguration section */
		F43953AD2AFA8DCF0058B811 /* Debug */ = {
			isa = XCBuildConfiguration;
			buildSettings = {
				ALWAYS_SEARCH_USER_PATHS = NO;
				ASSETCATALOG_COMPILER_GENERATE_SWIFT_ASSET_SYMBOL_EXTENSIONS = YES;
				CLANG_ANALYZER_NONNULL = YES;
				CLANG_ANALYZER_NUMBER_OBJECT_CONVERSION = YES_AGGRESSIVE;
				CLANG_CXX_LANGUAGE_STANDARD = "gnu++20";
				CLANG_ENABLE_MODULES = YES;
				CLANG_ENABLE_OBJC_ARC = YES;
				CLANG_ENABLE_OBJC_WEAK = YES;
				CLANG_WARN_BLOCK_CAPTURE_AUTORELEASING = YES;
				CLANG_WARN_BOOL_CONVERSION = YES;
				CLANG_WARN_COMMA = YES;
				CLANG_WARN_CONSTANT_CONVERSION = YES;
				CLANG_WARN_DEPRECATED_OBJC_IMPLEMENTATIONS = YES;
				CLANG_WARN_DIRECT_OBJC_ISA_USAGE = YES_ERROR;
				CLANG_WARN_DOCUMENTATION_COMMENTS = YES;
				CLANG_WARN_EMPTY_BODY = YES;
				CLANG_WARN_ENUM_CONVERSION = YES;
				CLANG_WARN_INFINITE_RECURSION = YES;
				CLANG_WARN_INT_CONVERSION = YES;
				CLANG_WARN_NON_LITERAL_NULL_CONVERSION = YES;
				CLANG_WARN_OBJC_IMPLICIT_RETAIN_SELF = YES;
				CLANG_WARN_OBJC_LITERAL_CONVERSION = YES;
				CLANG_WARN_OBJC_ROOT_CLASS = YES_ERROR;
				CLANG_WARN_QUOTED_INCLUDE_IN_FRAMEWORK_HEADER = YES;
				CLANG_WARN_RANGE_LOOP_ANALYSIS = YES;
				CLANG_WARN_STRICT_PROTOTYPES = YES;
				CLANG_WARN_SUSPICIOUS_MOVE = YES;
				CLANG_WARN_UNGUARDED_AVAILABILITY = YES_AGGRESSIVE;
				CLANG_WARN_UNREACHABLE_CODE = YES;
				CLANG_WARN__DUPLICATE_METHOD_MATCH = YES;
				COPY_PHASE_STRIP = NO;
				DEBUG_INFORMATION_FORMAT = dwarf;
				ENABLE_STRICT_OBJC_MSGSEND = YES;
				ENABLE_TESTABILITY = YES;
				ENABLE_USER_SCRIPT_SANDBOXING = YES;
				GCC_C_LANGUAGE_STANDARD = gnu17;
				GCC_DYNAMIC_NO_PIC = NO;
				GCC_NO_COMMON_BLOCKS = YES;
				GCC_OPTIMIZATION_LEVEL = 0;
				GCC_PREPROCESSOR_DEFINITIONS = (
					"DEBUG=1",
					"$(inherited)",
				);
				GCC_WARN_64_TO_32_BIT_CONVERSION = YES;
				GCC_WARN_ABOUT_RETURN_TYPE = YES_ERROR;
				GCC_WARN_UNDECLARED_SELECTOR = YES;
				GCC_WARN_UNINITIALIZED_AUTOS = YES_AGGRESSIVE;
				GCC_WARN_UNUSED_FUNCTION = YES;
				GCC_WARN_UNUSED_VARIABLE = YES;
				IPHONEOS_DEPLOYMENT_TARGET = 17.0;
				LOCALIZATION_PREFERS_STRING_CATALOGS = YES;
				MTL_ENABLE_DEBUG_INFO = INCLUDE_SOURCE;
				MTL_FAST_MATH = YES;
				ONLY_ACTIVE_ARCH = YES;
				SDKROOT = iphoneos;
				SWIFT_ACTIVE_COMPILATION_CONDITIONS = "DEBUG $(inherited)";
				SWIFT_OPTIMIZATION_LEVEL = "-Onone";
			};
			name = Debug;
		};
		F43953AE2AFA8DCF0058B811 /* Release */ = {
			isa = XCBuildConfiguration;
			buildSettings = {
				ALWAYS_SEARCH_USER_PATHS = NO;
				ASSETCATALOG_COMPILER_GENERATE_SWIFT_ASSET_SYMBOL_EXTENSIONS = YES;
				CLANG_ANALYZER_NONNULL = YES;
				CLANG_ANALYZER_NUMBER_OBJECT_CONVERSION = YES_AGGRESSIVE;
				CLANG_CXX_LANGUAGE_STANDARD = "gnu++20";
				CLANG_ENABLE_MODULES = YES;
				CLANG_ENABLE_OBJC_ARC = YES;
				CLANG_ENABLE_OBJC_WEAK = YES;
				CLANG_WARN_BLOCK_CAPTURE_AUTORELEASING = YES;
				CLANG_WARN_BOOL_CONVERSION = YES;
				CLANG_WARN_COMMA = YES;
				CLANG_WARN_CONSTANT_CONVERSION = YES;
				CLANG_WARN_DEPRECATED_OBJC_IMPLEMENTATIONS = YES;
				CLANG_WARN_DIRECT_OBJC_ISA_USAGE = YES_ERROR;
				CLANG_WARN_DOCUMENTATION_COMMENTS = YES;
				CLANG_WARN_EMPTY_BODY = YES;
				CLANG_WARN_ENUM_CONVERSION = YES;
				CLANG_WARN_INFINITE_RECURSION = YES;
				CLANG_WARN_INT_CONVERSION = YES;
				CLANG_WARN_NON_LITERAL_NULL_CONVERSION = YES;
				CLANG_WARN_OBJC_IMPLICIT_RETAIN_SELF = YES;
				CLANG_WARN_OBJC_LITERAL_CONVERSION = YES;
				CLANG_WARN_OBJC_ROOT_CLASS = YES_ERROR;
				CLANG_WARN_QUOTED_INCLUDE_IN_FRAMEWORK_HEADER = YES;
				CLANG_WARN_RANGE_LOOP_ANALYSIS = YES;
				CLANG_WARN_STRICT_PROTOTYPES = YES;
				CLANG_WARN_SUSPICIOUS_MOVE = YES;
				CLANG_WARN_UNGUARDED_AVAILABILITY = YES_AGGRESSIVE;
				CLANG_WARN_UNREACHABLE_CODE = YES;
				CLANG_WARN__DUPLICATE_METHOD_MATCH = YES;
				COPY_PHASE_STRIP = NO;
				DEBUG_INFORMATION_FORMAT = "dwarf-with-dsym";
				ENABLE_NS_ASSERTIONS = NO;
				ENABLE_STRICT_OBJC_MSGSEND = YES;
				ENABLE_USER_SCRIPT_SANDBOXING = YES;
				GCC_C_LANGUAGE_STANDARD = gnu17;
				GCC_NO_COMMON_BLOCKS = YES;
				GCC_WARN_64_TO_32_BIT_CONVERSION = YES;
				GCC_WARN_ABOUT_RETURN_TYPE = YES_ERROR;
				GCC_WARN_UNDECLARED_SELECTOR = YES;
				GCC_WARN_UNINITIALIZED_AUTOS = YES_AGGRESSIVE;
				GCC_WARN_UNUSED_FUNCTION = YES;
				GCC_WARN_UNUSED_VARIABLE = YES;
				IPHONEOS_DEPLOYMENT_TARGET = 17.0;
				LOCALIZATION_PREFERS_STRING_CATALOGS = YES;
				MTL_ENABLE_DEBUG_INFO = NO;
				MTL_FAST_MATH = YES;
				SDKROOT = iphoneos;
				SWIFT_COMPILATION_MODE = wholemodule;
				VALIDATE_PRODUCT = YES;
			};
			name = Release;
		};
		F43953B02AFA8DCF0058B811 /* Debug */ = {
			isa = XCBuildConfiguration;
			buildSettings = {
				ASSETCATALOG_COMPILER_APPICON_NAME = AppIcon;
				ASSETCATALOG_COMPILER_GLOBAL_ACCENT_COLOR_NAME = AccentColor;
				CODE_SIGN_STYLE = Automatic;
				CURRENT_PROJECT_VERSION = 1;
				DEVELOPMENT_TEAM = LS5WY3DH94;
				GENERATE_INFOPLIST_FILE = YES;
				INFOPLIST_FILE = "Singleton-Pattern/Resources/Info.plist";
				INFOPLIST_KEY_UIApplicationSupportsIndirectInputEvents = YES;
				INFOPLIST_KEY_UILaunchStoryboardName = LaunchScreen;
				INFOPLIST_KEY_UIMainStoryboardFile = Main;
				INFOPLIST_KEY_UISupportedInterfaceOrientations_iPad = "UIInterfaceOrientationPortrait UIInterfaceOrientationPortraitUpsideDown UIInterfaceOrientationLandscapeLeft UIInterfaceOrientationLandscapeRight";
				INFOPLIST_KEY_UISupportedInterfaceOrientations_iPhone = "UIInterfaceOrientationPortrait UIInterfaceOrientationLandscapeLeft UIInterfaceOrientationLandscapeRight";
				LD_RUNPATH_SEARCH_PATHS = (
					"$(inherited)",
					"@executable_path/Frameworks",
				);
				MARKETING_VERSION = 1.0;
				PRODUCT_BUNDLE_IDENTIFIER = "com.anzmax.Singleton-Pattern";
				PRODUCT_NAME = "$(TARGET_NAME)";
				SWIFT_EMIT_LOC_STRINGS = YES;
				SWIFT_VERSION = 5.0;
				TARGETED_DEVICE_FAMILY = "1,2";
			};
			name = Debug;
		};
		F43953B12AFA8DCF0058B811 /* Release */ = {
			isa = XCBuildConfiguration;
			buildSettings = {
				ASSETCATALOG_COMPILER_APPICON_NAME = AppIcon;
				ASSETCATALOG_COMPILER_GLOBAL_ACCENT_COLOR_NAME = AccentColor;
				CODE_SIGN_STYLE = Automatic;
				CURRENT_PROJECT_VERSION = 1;
				DEVELOPMENT_TEAM = LS5WY3DH94;
				GENERATE_INFOPLIST_FILE = YES;
				INFOPLIST_FILE = "Singleton-Pattern/Resources/Info.plist";
				INFOPLIST_KEY_UIApplicationSupportsIndirectInputEvents = YES;
				INFOPLIST_KEY_UILaunchStoryboardName = LaunchScreen;
				INFOPLIST_KEY_UIMainStoryboardFile = Main;
				INFOPLIST_KEY_UISupportedInterfaceOrientations_iPad = "UIInterfaceOrientationPortrait UIInterfaceOrientationPortraitUpsideDown UIInterfaceOrientationLandscapeLeft UIInterfaceOrientationLandscapeRight";
				INFOPLIST_KEY_UISupportedInterfaceOrientations_iPhone = "UIInterfaceOrientationPortrait UIInterfaceOrientationLandscapeLeft UIInterfaceOrientationLandscapeRight";
				LD_RUNPATH_SEARCH_PATHS = (
					"$(inherited)",
					"@executable_path/Frameworks",
				);
				MARKETING_VERSION = 1.0;
				PRODUCT_BUNDLE_IDENTIFIER = "com.anzmax.Singleton-Pattern";
				PRODUCT_NAME = "$(TARGET_NAME)";
				SWIFT_EMIT_LOC_STRINGS = YES;
				SWIFT_VERSION = 5.0;
				TARGETED_DEVICE_FAMILY = "1,2";
			};
			name = Release;
		};
/* End XCBuildConfiguration section */

/* Begin XCConfigurationList section */
		F43953962AFA8DCE0058B811 /* Build configuration list for PBXProject "Singleton-Pattern" */ = {
			isa = XCConfigurationList;
			buildConfigurations = (
				F43953AD2AFA8DCF0058B811 /* Debug */,
				F43953AE2AFA8DCF0058B811 /* Release */,
			);
			defaultConfigurationIsVisible = 0;
			defaultConfigurationName = Release;
		};
		F43953AF2AFA8DCF0058B811 /* Build configuration list for PBXNativeTarget "Singleton-Pattern" */ = {
			isa = XCConfigurationList;
			buildConfigurations = (
				F43953B02AFA8DCF0058B811 /* Debug */,
				F43953B12AFA8DCF0058B811 /* Release */,
			);
			defaultConfigurationIsVisible = 0;
			defaultConfigurationName = Release;
		};
/* End XCConfigurationList section */
	};
	rootObject = F43953932AFA8DCE0058B811 /* Project object */;
}
